// !$*UTF8*$!
{
	archiveVersion = 1;
	classes = {
	};
	objectVersion = 46;
	objects = {

/* Begin PBXBuildFile section */
		C37D9C5218F7E3420057A7C0 /* Foundation.framework in Frameworks */ = {isa = PBXBuildFile; fileRef = C37D9C5118F7E3420057A7C0 /* Foundation.framework */; };
		C37D9C5418F7E3420057A7C0 /* CoreGraphics.framework in Frameworks */ = {isa = PBXBuildFile; fileRef = C37D9C5318F7E3420057A7C0 /* CoreGraphics.framework */; };
		C37D9C5618F7E3420057A7C0 /* UIKit.framework in Frameworks */ = {isa = PBXBuildFile; fileRef = C37D9C5518F7E3420057A7C0 /* UIKit.framework */; };
		C37D9C5C18F7E3420057A7C0 /* InfoPlist.strings in Resources */ = {isa = PBXBuildFile; fileRef = C37D9C5A18F7E3420057A7C0 /* InfoPlist.strings */; };
		C37D9C5E18F7E3420057A7C0 /* main.m in Sources */ = {isa = PBXBuildFile; fileRef = C37D9C5D18F7E3420057A7C0 /* main.m */; };
		C37D9C6218F7E3420057A7C0 /* AppDelegate.m in Sources */ = {isa = PBXBuildFile; fileRef = C37D9C6118F7E3420057A7C0 /* AppDelegate.m */; };
		C37D9C6518F7E3420057A7C0 /* Main.storyboard in Resources */ = {isa = PBXBuildFile; fileRef = C37D9C6318F7E3420057A7C0 /* Main.storyboard */; };
		C37D9C6818F7E3420057A7C0 /* ViewController.m in Sources */ = {isa = PBXBuildFile; fileRef = C37D9C6718F7E3420057A7C0 /* ViewController.m */; };
		C37D9C6A18F7E3420057A7C0 /* Images.xcassets in Resources */ = {isa = PBXBuildFile; fileRef = C37D9C6918F7E3420057A7C0 /* Images.xcassets */; };
		C37D9C7118F7E3420057A7C0 /* XCTest.framework in Frameworks */ = {isa = PBXBuildFile; fileRef = C37D9C7018F7E3420057A7C0 /* XCTest.framework */; };
		C37D9C7218F7E3420057A7C0 /* Foundation.framework in Frameworks */ = {isa = PBXBuildFile; fileRef = C37D9C5118F7E3420057A7C0 /* Foundation.framework */; };
		C37D9C7318F7E3420057A7C0 /* UIKit.framework in Frameworks */ = {isa = PBXBuildFile; fileRef = C37D9C5518F7E3420057A7C0 /* UIKit.framework */; };
		C37D9C7B18F7E3420057A7C0 /* InfoPlist.strings in Resources */ = {isa = PBXBuildFile; fileRef = C37D9C7918F7E3420057A7C0 /* InfoPlist.strings */; };
		C37D9C7D18F7E3420057A7C0 /* TravisCITestTests.m in Sources */ = {isa = PBXBuildFile; fileRef = C37D9C7C18F7E3420057A7C0 /* TravisCITestTests.m */; };
/* End PBXBuildFile section */

/* Begin PBXContainerItemProxy section */
		C37D9C7418F7E3420057A7C0 /* PBXContainerItemProxy */ = {
			isa = PBXContainerItemProxy;
			containerPortal = C37D9C4618F7E3420057A7C0 /* Project object */;
			proxyType = 1;
			remoteGlobalIDString = C37D9C4D18F7E3420057A7C0;
			remoteInfo = TravisCITest;
		};
/* End PBXContainerItemProxy section */

/* Begin PBXFileReference section */
		C37D9C4E18F7E3420057A7C0 /* TravisCITest.app */ = {isa = PBXFileReference; explicitFileType = wrapper.application; includeInIndex = 0; path = TravisCITest.app; sourceTree = BUILT_PRODUCTS_DIR; };
		C37D9C5118F7E3420057A7C0 /* Foundation.framework */ = {isa = PBXFileReference; lastKnownFileType = wrapper.framework; name = Foundation.framework; path = System/Library/Frameworks/Foundation.framework; sourceTree = SDKROOT; };
		C37D9C5318F7E3420057A7C0 /* CoreGraphics.framework */ = {isa = PBXFileReference; lastKnownFileType = wrapper.framework; name = CoreGraphics.framework; path = System/Library/Frameworks/CoreGraphics.framework; sourceTree = SDKROOT; };
		C37D9C5518F7E3420057A7C0 /* UIKit.framework */ = {isa = PBXFileReference; lastKnownFileType = wrapper.framework; name = UIKit.framework; path = System/Library/Frameworks/UIKit.framework; sourceTree = SDKROOT; };
		C37D9C5918F7E3420057A7C0 /* TravisCITest-Info.plist */ = {isa = PBXFileReference; lastKnownFileType = text.plist.xml; path = "TravisCITest-Info.plist"; sourceTree = "<group>"; };
		C37D9C5B18F7E3420057A7C0 /* en */ = {isa = PBXFileReference; lastKnownFileType = text.plist.strings; name = en; path = en.lproj/InfoPlist.strings; sourceTree = "<group>"; };
		C37D9C5D18F7E3420057A7C0 /* main.m */ = {isa = PBXFileReference; lastKnownFileType = sourcecode.c.objc; path = main.m; sourceTree = "<group>"; };
		C37D9C5F18F7E3420057A7C0 /* TravisCITest-Prefix.pch */ = {isa = PBXFileReference; lastKnownFileType = sourcecode.c.h; path = "TravisCITest-Prefix.pch"; sourceTree = "<group>"; };
		C37D9C6018F7E3420057A7C0 /* AppDelegate.h */ = {isa = PBXFileReference; lastKnownFileType = sourcecode.c.h; path = AppDelegate.h; sourceTree = "<group>"; };
		C37D9C6118F7E3420057A7C0 /* AppDelegate.m */ = {isa = PBXFileReference; lastKnownFileType = sourcecode.c.objc; path = AppDelegate.m; sourceTree = "<group>"; };
		C37D9C6418F7E3420057A7C0 /* Base */ = {isa = PBXFileReference; lastKnownFileType = file.storyboard; name = Base; path = Base.lproj/Main.storyboard; sourceTree = "<group>"; };
		C37D9C6618F7E3420057A7C0 /* ViewController.h */ = {isa = PBXFileReference; lastKnownFileType = sourcecode.c.h; path = ViewController.h; sourceTree = "<group>"; };
		C37D9C6718F7E3420057A7C0 /* ViewController.m */ = {isa = PBXFileReference; lastKnownFileType = sourcecode.c.objc; path = ViewController.m; sourceTree = "<group>"; };
		C37D9C6918F7E3420057A7C0 /* Images.xcassets */ = {isa = PBXFileReference; lastKnownFileType = folder.assetcatalog; path = Images.xcassets; sourceTree = "<group>"; };
		C37D9C6F18F7E3420057A7C0 /* TravisCITestTests.xctest */ = {isa = PBXFileReference; explicitFileType = wrapper.cfbundle; includeInIndex = 0; path = TravisCITestTests.xctest; sourceTree = BUILT_PRODUCTS_DIR; };
		C37D9C7018F7E3420057A7C0 /* XCTest.framework */ = {isa = PBXFileReference; lastKnownFileType = wrapper.framework; name = XCTest.framework; path = Library/Frameworks/XCTest.framework; sourceTree = DEVELOPER_DIR; };
		C37D9C7818F7E3420057A7C0 /* TravisCITestTests-Info.plist */ = {isa = PBXFileReference; lastKnownFileType = text.plist.xml; path = "TravisCITestTests-Info.plist"; sourceTree = "<group>"; };
		C37D9C7A18F7E3420057A7C0 /* en */ = {isa = PBXFileReference; lastKnownFileType = text.plist.strings; name = en; path = en.lproj/InfoPlist.strings; sourceTree = "<group>"; };
		C37D9C7C18F7E3420057A7C0 /* TravisCITestTests.m */ = {isa = PBXFileReference; lastKnownFileType = sourcecode.c.objc; path = TravisCITestTests.m; sourceTree = "<group>"; };
/* End PBXFileReference section */

/* Begin PBXFrameworksBuildPhase section */
		C37D9C4B18F7E3420057A7C0 /* Frameworks */ = {
			isa = PBXFrameworksBuildPhase;
			buildActionMask = 2147483647;
			files = (
				C37D9C5418F7E3420057A7C0 /* CoreGraphics.framework in Frameworks */,
				C37D9C5618F7E3420057A7C0 /* UIKit.framework in Frameworks */,
				C37D9C5218F7E3420057A7C0 /* Foundation.framework in Frameworks */,
			);
			runOnlyForDeploymentPostprocessing = 0;
		};
		C37D9C6C18F7E3420057A7C0 /* Frameworks */ = {
			isa = PBXFrameworksBuildPhase;
			buildActionMask = 2147483647;
			files = (
				C37D9C7118F7E3420057A7C0 /* XCTest.framework in Frameworks */,
				C37D9C7318F7E3420057A7C0 /* UIKit.framework in Frameworks */,
				C37D9C7218F7E3420057A7C0 /* Foundation.framework in Frameworks */,
			);
			runOnlyForDeploymentPostprocessing = 0;
		};
/* End PBXFrameworksBuildPhase section */

/* Begin PBXGroup section */
		C37D9C4518F7E3420057A7C0 = {
			isa = PBXGroup;
			children = (
				C37D9C5718F7E3420057A7C0 /* TravisCITest */,
				C37D9C7618F7E3420057A7C0 /* TravisCITestTests */,
				C37D9C5018F7E3420057A7C0 /* Frameworks */,
				C37D9C4F18F7E3420057A7C0 /* Products */,
			);
			sourceTree = "<group>";
		};
		C37D9C4F18F7E3420057A7C0 /* Products */ = {
			isa = PBXGroup;
			children = (
				C37D9C4E18F7E3420057A7C0 /* TravisCITest.app */,
				C37D9C6F18F7E3420057A7C0 /* TravisCITestTests.xctest */,
			);
			name = Products;
			sourceTree = "<group>";
		};
		C37D9C5018F7E3420057A7C0 /* Frameworks */ = {
			isa = PBXGroup;
			children = (
				C37D9C5118F7E3420057A7C0 /* Foundation.framework */,
				C37D9C5318F7E3420057A7C0 /* CoreGraphics.framework */,
				C37D9C5518F7E3420057A7C0 /* UIKit.framework */,
				C37D9C7018F7E3420057A7C0 /* XCTest.framework */,
			);
			name = Frameworks;
			sourceTree = "<group>";
		};
		C37D9C5718F7E3420057A7C0 /* TravisCITest */ = {
			isa = PBXGroup;
			children = (
				C37D9C6018F7E3420057A7C0 /* AppDelegate.h */,
				C37D9C6118F7E3420057A7C0 /* AppDelegate.m */,
				C37D9C6318F7E3420057A7C0 /* Main.storyboard */,
				C37D9C6618F7E3420057A7C0 /* ViewController.h */,
				C37D9C6718F7E3420057A7C0 /* ViewController.m */,
				C37D9C6918F7E3420057A7C0 /* Images.xcassets */,
				C37D9C5818F7E3420057A7C0 /* Supporting Files */,
			);
			path = TravisCITest;
			sourceTree = "<group>";
		};
		C37D9C5818F7E3420057A7C0 /* Supporting Files */ = {
			isa = PBXGroup;
			children = (
				C37D9C5918F7E3420057A7C0 /* TravisCITest-Info.plist */,
				C37D9C5A18F7E3420057A7C0 /* InfoPlist.strings */,
				C37D9C5D18F7E3420057A7C0 /* main.m */,
				C37D9C5F18F7E3420057A7C0 /* TravisCITest-Prefix.pch */,
			);
			name = "Supporting Files";
			sourceTree = "<group>";
		};
		C37D9C7618F7E3420057A7C0 /* TravisCITestTests */ = {
			isa = PBXGroup;
			children = (
				C37D9C7C18F7E3420057A7C0 /* TravisCITestTests.m */,
				C37D9C7718F7E3420057A7C0 /* Supporting Files */,
			);
			path = TravisCITestTests;
			sourceTree = "<group>";
		};
		C37D9C7718F7E3420057A7C0 /* Supporting Files */ = {
			isa = PBXGroup;
			children = (
				C37D9C7818F7E3420057A7C0 /* TravisCITestTests-Info.plist */,
				C37D9C7918F7E3420057A7C0 /* InfoPlist.strings */,
			);
			name = "Supporting Files";
			sourceTree = "<group>";
		};
/* End PBXGroup section */

/* Begin PBXNativeTarget section */
		C37D9C4D18F7E3420057A7C0 /* TravisCITest */ = {
			isa = PBXNativeTarget;
			buildConfigurationList = C37D9C8018F7E3420057A7C0 /* Build configuration list for PBXNativeTarget "TravisCITest" */;
			buildPhases = (
				C37D9C4A18F7E3420057A7C0 /* Sources */,
				C37D9C4B18F7E3420057A7C0 /* Frameworks */,
				C37D9C4C18F7E3420057A7C0 /* Resources */,
			);
			buildRules = (
			);
			dependencies = (
			);
			name = TravisCITest;
			productName = TravisCITest;
			productReference = C37D9C4E18F7E3420057A7C0 /* TravisCITest.app */;
			productType = "com.apple.product-type.application";
		};
		C37D9C6E18F7E3420057A7C0 /* TravisCITestTests */ = {
			isa = PBXNativeTarget;
			buildConfigurationList = C37D9C8318F7E3420057A7C0 /* Build configuration list for PBXNativeTarget "TravisCITestTests" */;
			buildPhases = (
				C37D9C6B18F7E3420057A7C0 /* Sources */,
				C37D9C6C18F7E3420057A7C0 /* Frameworks */,
				C37D9C6D18F7E3420057A7C0 /* Resources */,
			);
			buildRules = (
			);
			dependencies = (
				C37D9C7518F7E3420057A7C0 /* PBXTargetDependency */,
			);
			name = TravisCITestTests;
			productName = TravisCITestTests;
			productReference = C37D9C6F18F7E3420057A7C0 /* TravisCITestTests.xctest */;
			productType = "com.apple.product-type.bundle.unit-test";
		};
/* End PBXNativeTarget section */

/* Begin PBXProject section */
		C37D9C4618F7E3420057A7C0 /* Project object */ = {
			isa = PBXProject;
			attributes = {
				LastUpgradeCheck = 0510;
				ORGANIZATIONNAME = masaplabs;
				TargetAttributes = {
					C37D9C6E18F7E3420057A7C0 = {
						TestTargetID = C37D9C4D18F7E3420057A7C0;
					};
				};
			};
			buildConfigurationList = C37D9C4918F7E3420057A7C0 /* Build configuration list for PBXProject "TravisCITest" */;
			compatibilityVersion = "Xcode 3.2";
			developmentRegion = English;
			hasScannedForEncodings = 0;
			knownRegions = (
				en,
				Base,
			);
			mainGroup = C37D9C4518F7E3420057A7C0;
			productRefGroup = C37D9C4F18F7E3420057A7C0 /* Products */;
			projectDirPath = "";
			projectRoot = "";
			targets = (
				C37D9C4D18F7E3420057A7C0 /* TravisCITest */,
				C37D9C6E18F7E3420057A7C0 /* TravisCITestTests */,
			);
		};
/* End PBXProject section */

/* Begin PBXResourcesBuildPhase section */
		C37D9C4C18F7E3420057A7C0 /* Resources */ = {
			isa = PBXResourcesBuildPhase;
			buildActionMask = 2147483647;
			files = (
				C37D9C6A18F7E3420057A7C0 /* Images.xcassets in Resources */,
				C37D9C5C18F7E3420057A7C0 /* InfoPlist.strings in Resources */,
				C37D9C6518F7E3420057A7C0 /* Main.storyboard in Resources */,
			);
			runOnlyForDeploymentPostprocessing = 0;
		};
		C37D9C6D18F7E3420057A7C0 /* Resources */ = {
			isa = PBXResourcesBuildPhase;
			buildActionMask = 2147483647;
			files = (
				C37D9C7B18F7E3420057A7C0 /* InfoPlist.strings in Resources */,
			);
			runOnlyForDeploymentPostprocessing = 0;
		};
/* End PBXResourcesBuildPhase section */

/* Begin PBXSourcesBuildPhase section */
		C37D9C4A18F7E3420057A7C0 /* Sources */ = {
			isa = PBXSourcesBuildPhase;
			buildActionMask = 2147483647;
			files = (
				C37D9C6818F7E3420057A7C0 /* ViewController.m in Sources */,
				C37D9C6218F7E3420057A7C0 /* AppDelegate.m in Sources */,
				C37D9C5E18F7E3420057A7C0 /* main.m in Sources */,
			);
			runOnlyForDeploymentPostprocessing = 0;
		};
		C37D9C6B18F7E3420057A7C0 /* Sources */ = {
			isa = PBXSourcesBuildPhase;
			buildActionMask = 2147483647;
			files = (
				C37D9C7D18F7E3420057A7C0 /* TravisCITestTests.m in Sources */,
			);
			runOnlyForDeploymentPostprocessing = 0;
		};
/* End PBXSourcesBuildPhase section */

/* Begin PBXTargetDependency section */
		C37D9C7518F7E3420057A7C0 /* PBXTargetDependency */ = {
			isa = PBXTargetDependency;
			target = C37D9C4D18F7E3420057A7C0 /* TravisCITest */;
			targetProxy = C37D9C7418F7E3420057A7C0 /* PBXContainerItemProxy */;
		};
/* End PBXTargetDependency section */

/* Begin PBXVariantGroup section */
		C37D9C5A18F7E3420057A7C0 /* InfoPlist.strings */ = {
			isa = PBXVariantGroup;
			children = (
				C37D9C5B18F7E3420057A7C0 /* en */,
			);
			name = InfoPlist.strings;
			sourceTree = "<group>";
		};
		C37D9C6318F7E3420057A7C0 /* Main.storyboard */ = {
			isa = PBXVariantGroup;
			children = (
				C37D9C6418F7E3420057A7C0 /* Base */,
			);
			name = Main.storyboard;
			sourceTree = "<group>";
		};
		C37D9C7918F7E3420057A7C0 /* InfoPlist.strings */ = {
			isa = PBXVariantGroup;
			children = (
				C37D9C7A18F7E3420057A7C0 /* en */,
			);
			name = InfoPlist.strings;
			sourceTree = "<group>";
		};
/* End PBXVariantGroup section */

/* Begin XCBuildConfiguration section */
		C37D9C7E18F7E3420057A7C0 /* Debug */ = {
			isa = XCBuildConfiguration;
			buildSettings = {
				ALWAYS_SEARCH_USER_PATHS = NO;
				CLANG_CXX_LANGUAGE_STANDARD = "gnu++0x";
				CLANG_CXX_LIBRARY = "libc++";
				CLANG_ENABLE_MODULES = YES;
				CLANG_ENABLE_OBJC_ARC = YES;
				CLANG_WARN_BOOL_CONVERSION = YES;
				CLANG_WARN_CONSTANT_CONVERSION = YES;
				CLANG_WARN_DIRECT_OBJC_ISA_USAGE = YES_ERROR;
				CLANG_WARN_EMPTY_BODY = YES;
				CLANG_WARN_ENUM_CONVERSION = YES;
				CLANG_WARN_INT_CONVERSION = YES;
				CLANG_WARN_OBJC_ROOT_CLASS = YES_ERROR;
				CLANG_WARN__DUPLICATE_METHOD_MATCH = YES;
				"CODE_SIGN_IDENTITY[sdk=iphoneos*]" = "iPhone Developer";
				COPY_PHASE_STRIP = NO;
				GCC_C_LANGUAGE_STANDARD = gnu99;
				GCC_DYNAMIC_NO_PIC = NO;
				GCC_OPTIMIZATION_LEVEL = 0;
				GCC_PREPROCESSOR_DEFINITIONS = (
					"DEBUG=1",
					"$(inherited)",
				);
				GCC_SYMBOLS_PRIVATE_EXTERN = NO;
				GCC_WARN_64_TO_32_BIT_CONVERSION = YES;
				GCC_WARN_ABOUT_RETURN_TYPE = YES_ERROR;
				GCC_WARN_UNDECLARED_SELECTOR = YES;
				GCC_WARN_UNINITIALIZED_AUTOS = YES_AGGRESSIVE;
				GCC_WARN_UNUSED_FUNCTION = YES;
				GCC_WARN_UNUSED_VARIABLE = YES;
				IPHONEOS_DEPLOYMENT_TARGET = 7.1;
				ONLY_ACTIVE_ARCH = YES;
				SDKROOT = iphoneos;
			};
			name = Debug;
		};
		C37D9C7F18F7E3420057A7C0 /* Release */ = {
			isa = XCBuildConfiguration;
			buildSettings = {
				ALWAYS_SEARCH_USER_PATHS = NO;
				CLANG_CXX_LANGUAGE_STANDARD = "gnu++0x";
				CLANG_CXX_LIBRARY = "libc++";
				CLANG_ENABLE_MODULES = YES;
				CLANG_ENABLE_OBJC_ARC = YES;
				CLANG_WARN_BOOL_CONVERSION = YES;
				CLANG_WARN_CONSTANT_CONVERSION = YES;
				CLANG_WARN_DIRECT_OBJC_ISA_USAGE = YES_ERROR;
				CLANG_WARN_EMPTY_BODY = YES;
				CLANG_WARN_ENUM_CONVERSION = YES;
				CLANG_WARN_INT_CONVERSION = YES;
				CLANG_WARN_OBJC_ROOT_CLASS = YES_ERROR;
				CLANG_WARN__DUPLICATE_METHOD_MATCH = YES;
				"CODE_SIGN_IDENTITY[sdk=iphoneos*]" = "iPhone Developer";
				COPY_PHASE_STRIP = YES;
				ENABLE_NS_ASSERTIONS = NO;
				GCC_C_LANGUAGE_STANDARD = gnu99;
				GCC_WARN_64_TO_32_BIT_CONVERSION = YES;
				GCC_WARN_ABOUT_RETURN_TYPE = YES_ERROR;
				GCC_WARN_UNDECLARED_SELECTOR = YES;
				GCC_WARN_UNINITIALIZED_AUTOS = YES_AGGRESSIVE;
				GCC_WARN_UNUSED_FUNCTION = YES;
				GCC_WARN_UNUSED_VARIABLE = YES;
				IPHONEOS_DEPLOYMENT_TARGET = 7.1;
				SDKROOT = iphoneos;
				VALIDATE_PRODUCT = YES;
			};
			name = Release;
		};
		C37D9C8118F7E3420057A7C0 /* Debug */ = {
			isa = XCBuildConfiguration;
			buildSettings = {
				ASSETCATALOG_COMPILER_APPICON_NAME = AppIcon;
				ASSETCATALOG_COMPILER_LAUNCHIMAGE_NAME = LaunchImage;
				GCC_PRECOMPILE_PREFIX_HEADER = YES;
				GCC_PREFIX_HEADER = "TravisCITest/TravisCITest-Prefix.pch";
				INFOPLIST_FILE = "TravisCITest/TravisCITest-Info.plist";
				IPHONEOS_DEPLOYMENT_TARGET = 7.0;
				PRODUCT_NAME = "$(TARGET_NAME)";
				WRAPPER_EXTENSION = app;
			};
			name = Debug;
		};
		C37D9C8218F7E3420057A7C0 /* Release */ = {
			isa = XCBuildConfiguration;
			buildSettings = {
				ASSETCATALOG_COMPILER_APPICON_NAME = AppIcon;
				ASSETCATALOG_COMPILER_LAUNCHIMAGE_NAME = LaunchImage;
				GCC_PRECOMPILE_PREFIX_HEADER = YES;
				GCC_PREFIX_HEADER = "TravisCITest/TravisCITest-Prefix.pch";
				INFOPLIST_FILE = "TravisCITest/TravisCITest-Info.plist";
				IPHONEOS_DEPLOYMENT_TARGET = 7.0;
				PRODUCT_NAME = "$(TARGET_NAME)";
				WRAPPER_EXTENSION = app;
			};
			name = Release;
		};
		C37D9C8418F7E3420057A7C0 /* Debug */ = {
			isa = XCBuildConfiguration;
			buildSettings = {
				BUNDLE_LOADER = "$(BUILT_PRODUCTS_DIR)/TravisCITest.app/TravisCITest";
				FRAMEWORK_SEARCH_PATHS = (
					"$(SDKROOT)/Developer/Library/Frameworks",
					"$(inherited)",
					"$(DEVELOPER_FRAMEWORKS_DIR)",
				);
				GCC_PRECOMPILE_PREFIX_HEADER = YES;
				GCC_PREFIX_HEADER = "TravisCITest/TravisCITest-Prefix.pch";
				GCC_PREPROCESSOR_DEFINITIONS = (
					"DEBUG=1",
					"$(inherited)",
				);
				INFOPLIST_FILE = "TravisCITestTests/TravisCITestTests-Info.plist";
				PRODUCT_NAME = "$(TARGET_NAME)";
				TEST_HOST = "$(BUNDLE_LOADER)";
				WRAPPER_EXTENSION = xctest;
			};
			name = Debug;
		};
		C37D9C8518F7E3420057A7C0 /* Release */ = {
			isa = XCBuildConfiguration;
			buildSettings = {
				BUNDLE_LOADER = "$(BUILT_PRODUCTS_DIR)/TravisCITest.app/TravisCITest";
				FRAMEWORK_SEARCH_PATHS = (
					"$(SDKROOT)/Developer/Library/Frameworks",
					"$(inherited)",
					"$(DEVELOPER_FRAMEWORKS_DIR)",
				);
				GCC_PRECOMPILE_PREFIX_HEADER = YES;
				GCC_PREFIX_HEADER = "TravisCITest/TravisCITest-Prefix.pch";
				INFOPLIST_FILE = "TravisCITestTests/TravisCITestTests-Info.plist";
				PRODUCT_NAME = "$(TARGET_NAME)";
				TEST_HOST = "$(BUNDLE_LOADER)";
				WRAPPER_EXTENSION = xctest;
			};
			name = Release;
		};
/* End XCBuildConfiguration section */

/* Begin XCConfigurationList section */
		C37D9C4918F7E3420057A7C0 /* Build configuration list for PBXProject "TravisCITest" */ = {
			isa = XCConfigurationList;
			buildConfigurations = (
				C37D9C7E18F7E3420057A7C0 /* Debug */,
				C37D9C7F18F7E3420057A7C0 /* Release */,
			);
			defaultConfigurationIsVisible = 0;
			defaultConfigurationName = Release;
		};
		C37D9C8018F7E3420057A7C0 /* Build configuration list for PBXNativeTarget "TravisCITest" */ = {
			isa = XCConfigurationList;
			buildConfigurations = (
				C37D9C8118F7E3420057A7C0 /* Debug */,
				C37D9C8218F7E3420057A7C0 /* Release */,
			);
			defaultConfigurationIsVisible = 0;
			defaultConfigurationName = Release;
		};
		C37D9C8318F7E3420057A7C0 /* Build configuration list for PBXNativeTarget "TravisCITestTests" */ = {
			isa = XCConfigurationList;
			buildConfigurations = (
				C37D9C8418F7E3420057A7C0 /* Debug */,
				C37D9C8518F7E3420057A7C0 /* Release */,
			);
			defaultConfigurationIsVisible = 0;
			defaultConfigurationName = Release;
		};
/* End XCConfigurationList section */
	};
	rootObject = C37D9C4618F7E3420057A7C0 /* Project object */;
}
